// !$*UTF8*$!
{
	archiveVersion = 1;
	classes = {
	};
	objectVersion = 77;
	objects = {

/* Begin PBXContainerItemProxy section */
		6A000000000000000000002A /* PBXContainerItemProxy */ = {
			isa = PBXContainerItemProxy;
			containerPortal = 6A0000000000000000000001 /* Project object */;
			proxyType = 1;
			remoteGlobalIDString = 6A000000000000000000000B;
			remoteInfo = KittyTools;
		};
/* End PBXContainerItemProxy section */

/* Begin PBXFileReference section */
		6A0000000000000000000021 /* KittyToolsTests.xctest */ = {isa = PBXFileReference; explicitFileType = wrapper.cfbundle; includeInIndex = 0; path = KittyToolsTests.xctest; sourceTree = BUILT_PRODUCTS_DIR; };
		6A0000000000000000000022 /* Tests.xcconfig */ = {isa = PBXFileReference; lastKnownFileType = text.xcconfig; path = Tests.xcconfig; sourceTree = "<group>"; };
		6A0000000000000000000006 /* Kitty Tools.app */ = {isa = PBXFileReference; explicitFileType = wrapper.application; includeInIndex = 0; path = "Kitty Tools.app"; sourceTree = BUILT_PRODUCTS_DIR; };
		6A0000000000000000000007 /* Base.xcconfig */ = {isa = PBXFileReference; lastKnownFileType = text.xcconfig; path = Base.xcconfig; sourceTree = "<group>"; };
		6A0000000000000000000008 /* Debug.xcconfig */ = {isa = PBXFileReference; lastKnownFileType = text.xcconfig; path = Debug.xcconfig; sourceTree = "<group>"; };
		6A0000000000000000000009 /* Release.xcconfig */ = {isa = PBXFileReference; lastKnownFileType = text.xcconfig; path = Release.xcconfig; sourceTree = "<group>"; };
		6A000000000000000000000A /* Info.plist */ = {isa = PBXFileReference; lastKnownFileType = text.plist.xml; path = Info.plist; sourceTree = "<group>"; };
/* End PBXFileReference section */

/* Begin PBXFileSystemSynchronizedRootGroup section */
		6A0000000000000000000020 /* KittyToolsTests */ = {
			isa = PBXFileSystemSynchronizedRootGroup;
			path = KittyToolsTests;
			sourceTree = "<group>";
		};
		6A0000000000000000000005 /* KittyTools */ = {
			isa = PBXFileSystemSynchronizedRootGroup;
			path = KittyTools;
			sourceTree = "<group>";
		};
/* End PBXFileSystemSynchronizedRootGroup section */

/* Begin PBXFrameworksBuildPhase section */
		6A0000000000000000000024 /* Frameworks */ = {
			isa = PBXFrameworksBuildPhase;
			buildActionMask = 2147483647;
			files = (
			);
			runOnlyForDeploymentPostprocessing = 0;
		};
		6A000000000000000000000D /* Frameworks */ = {
			isa = PBXFrameworksBuildPhase;
			buildActionMask = 2147483647;
			files = (
			);
			runOnlyForDeploymentPostprocessing = 0;
		};
/* End PBXFrameworksBuildPhase section */

/* Begin PBXGroup section */
		6A0000000000000000000002 = {
			isa = PBXGroup;
			children = (
				6A0000000000000000000005 /* KittyTools */,
				6A0000000000000000000020 /* KittyToolsTests */,
				6A0000000000000000000004 /* Config */,
				6A0000000000000000000003 /* Products */,
			);
			sourceTree = "<group>";
		};
		6A0000000000000000000003 /* Products */ = {
			isa = PBXGroup;
			children = (
				6A0000000000000000000006 /* Kitty Tools.app */,
				6A0000000000000000000021 /* KittyToolsTests.xctest */,
			);
			name = Products;
			sourceTree = "<group>";
		};
		6A0000000000000000000004 /* Config */ = {
			isa = PBXGroup;
			children = (
				6A0000000000000000000007 /* Base.xcconfig */,
				6A0000000000000000000008 /* Debug.xcconfig */,
				6A0000000000000000000009 /* Release.xcconfig */,
				6A000000000000000000000A /* Info.plist */,
				6A0000000000000000000022 /* Tests.xcconfig */,
			);
			path = Config;
			sourceTree = "<group>";
		};
/* End PBXGroup section */

/* Begin PBXNativeTarget section */
		6A0000000000000000000026 /* KittyToolsTests */ = {
			isa = PBXNativeTarget;
			buildConfigurationList = 6A0000000000000000000029 /* Build configuration list for PBXNativeTarget "KittyToolsTests" */;
			buildPhases = (
				6A0000000000000000000023 /* Sources */,
				6A0000000000000000000024 /* Frameworks */,
				6A0000000000000000000025 /* Resources */,
			);
			buildRules = (
			);
			dependencies = (
				6A000000000000000000002B /* PBXTargetDependency */,
			);
			fileSystemSynchronizedGroups = (
				6A0000000000000000000020 /* KittyToolsTests */,
			);
			name = KittyToolsTests;
			packageProductDependencies = (
			);
			productName = KittyToolsTests;
			productReference = 6A0000000000000000000021 /* KittyToolsTests.xctest */;
			productType = "com.apple.product-type.bundle.unit-test";
		};
		6A000000000000000000000B /* KittyTools */ = {
			isa = PBXNativeTarget;
			buildConfigurationList = 6A0000000000000000000010 /* Build configuration list for PBXNativeTarget "KittyTools" */;
			buildPhases = (
				6A000000000000000000000C /* Sources */,
				6A000000000000000000000D /* Frameworks */,
				6A000000000000000000000E /* Resources */,
			);
			buildRules = (
			);
			dependencies = (
			);
			fileSystemSynchronizedGroups = (
				6A0000000000000000000005 /* KittyTools */,
			);
			name = KittyTools;
			packageProductDependencies = (
			);
			productName = KittyTools;
			productReference = 6A0000000000000000000006 /* Kitty Tools.app */;
			productType = "com.apple.product-type.application";
		};
/* End PBXNativeTarget section */

/* Begin PBXProject section */
		6A0000000000000000000001 /* Project object */ = {
			isa = PBXProject;
			attributes = {
				BuildIndependentTargetsInParallel = 1;
				LastSwiftUpdateCheck = 2630;
				LastUpgradeCheck = 2630;
				TargetAttributes = {
					6A000000000000000000000B = {
						CreatedOnToolsVersion = 26.3;
					};
					6A0000000000000000000026 = {
						CreatedOnToolsVersion = 26.3;
						TestTargetID = 6A000000000000000000000B;
					};
				};
			};
			buildConfigurationList = 6A000000000000000000000F /* Build configuration list for PBXProject "KittyTools" */;
			developmentRegion = "zh-Hans";
			hasScannedForEncodings = 0;
			knownRegions = (
				"zh-Hans",
				Base,
			);
			mainGroup = 6A0000000000000000000002;
			minimizedProjectReferenceProxies = 1;
			preferredProjectObjectVersion = 77;
			productRefGroup = 6A0000000000000000000003 /* Products */;
			projectDirPath = "";
			projectRoot = "";
			targets = (
				6A000000000000000000000B /* KittyTools */,
				6A0000000000000000000026 /* KittyToolsTests */,
			);
		};
/* End PBXProject section */

/* Begin PBXResourcesBuildPhase section */
		6A0000000000000000000025 /* Resources */ = {
			isa = PBXResourcesBuildPhase;
			buildActionMask = 2147483647;
			files = (
			);
			runOnlyForDeploymentPostprocessing = 0;
		};
		6A000000000000000000000E /* Resources */ = {
			isa = PBXResourcesBuildPhase;
			buildActionMask = 2147483647;
			files = (
			);
			runOnlyForDeploymentPostprocessing = 0;
		};
/* End PBXResourcesBuildPhase section */

/* Begin PBXSourcesBuildPhase section */
		6A0000000000000000000023 /* Sources */ = {
			isa = PBXSourcesBuildPhase;
			buildActionMask = 2147483647;
			files = (
			);
			runOnlyForDeploymentPostprocessing = 0;
		};
		6A000000000000000000000C /* Sources */ = {
			isa = PBXSourcesBuildPhase;
			buildActionMask = 2147483647;
			files = (
			);
			runOnlyForDeploymentPostprocessing = 0;
		};
/* End PBXSourcesBuildPhase section */

/* Begin PBXTargetDependency section */
		6A000000000000000000002B /* PBXTargetDependency */ = {
			isa = PBXTargetDependency;
			target = 6A000000000000000000000B /* KittyTools */;
			targetProxy = 6A000000000000000000002A /* PBXContainerItemProxy */;
		};
/* End PBXTargetDependency section */

/* Begin XCBuildConfiguration section */
		6A0000000000000000000027 /* Debug */ = {
			isa = XCBuildConfiguration;
			baseConfigurationReference = 6A0000000000000000000022 /* Tests.xcconfig */;
			buildSettings = {
			};
			name = Debug;
		};
		6A0000000000000000000028 /* Release */ = {
			isa = XCBuildConfiguration;
			baseConfigurationReference = 6A0000000000000000000022 /* Tests.xcconfig */;
			buildSettings = {
			};
			name = Release;
		};
		6A0000000000000000000011 /* Debug */ = {
			isa = XCBuildConfiguration;
			baseConfigurationReference = 6A0000000000000000000008 /* Debug.xcconfig */;
			buildSettings = {
			};
			name = Debug;
		};
		6A0000000000000000000012 /* Release */ = {
			isa = XCBuildConfiguration;
			baseConfigurationReference = 6A0000000000000000000009 /* Release.xcconfig */;
			buildSettings = {
			};
			name = Release;
		};
		6A0000000000000000000013 /* Debug */ = {
			isa = XCBuildConfiguration;
			buildSettings = {
			};
			name = Debug;
		};
		6A0000000000000000000014 /* Release */ = {
			isa = XCBuildConfiguration;
			buildSettings = {
			};
			name = Release;
		};
/* End XCBuildConfiguration section */

/* Begin XCConfigurationList section */
		6A0000000000000000000029 /* Build configuration list for PBXNativeTarget "KittyToolsTests" */ = {
			isa = XCConfigurationList;
			buildConfigurations = (
				6A0000000000000000000027 /* Debug */,
				6A0000000000000000000028 /* Release */,
			);
			defaultConfigurationIsVisible = 0;
			defaultConfigurationName = Release;
		};
		6A000000000000000000000F /* Build configuration list for PBXProject "KittyTools" */ = {
			isa = XCConfigurationList;
			buildConfigurations = (
				6A0000000000000000000011 /* Debug */,
				6A0000000000000000000012 /* Release */,
			);
			defaultConfigurationIsVisible = 0;
			defaultConfigurationName = Release;
		};
		6A0000000000000000000010 /* Build configuration list for PBXNativeTarget "KittyTools" */ = {
			isa = XCConfigurationList;
			buildConfigurations = (
				6A0000000000000000000013 /* Debug */,
				6A0000000000000000000014 /* Release */,
			);
			defaultConfigurationIsVisible = 0;
			defaultConfigurationName = Release;
		};
/* End XCConfigurationList section */
	};
	rootObject = 6A0000000000000000000001 /* Project object */;
}
